
Microsoft Visual Studio Solution File, Format Version 12.00
# Visual Studio Version 16
VisualStudioVersion = 16.0.32407.337
MinimumVisualStudioVersion = 10.0.40219.1
Project("{FAE04EC0-301F-11D3-BF4B-00C04F79EFBC}") = "DatabaseStuff19", "DatabaseStuff19\DatabaseStuff19.csproj", "{3F151A13-5B04-471B-953D-E7490902B8E8}"
EndProject
Project("{FAE04EC0-301F-11D3-BF4B-00C04F79EFBC}") = "ShoeStoreApi", "ShoeStoreApi\ShoeStoreApi.csproj", "{5E9D5D80-82B7-4BE0-911D-D29C813B05EE}"
EndProject
Global
	GlobalSection(SolutionConfigurationPlatforms) = preSolution
		Debug|Any CPU = Debug|Any CPU
		Release|Any CPU = Release|Any CPU
	EndGlobalSection
	GlobalSection(ProjectConfigurationPlatforms) = postSolution
		{3F151A13-5B04-471B-953D-E7490902B8E8}.Debug|Any CPU.ActiveCfg = Debug|Any CPU
		{3F151A13-5B04-471B-953D-E7490902B8E8}.Debug|Any CPU.Build.0 = Debug|Any CPU
		{3F151A13-5B04-471B-953D-E7490902B8E8}.Release|Any CPU.ActiveCfg = Release|Any CPU
		{3F151A13-5B04-471B-953D-E7490902B8E8}.Release|Any CPU.Build.0 = Release|Any CPU
		{5E9D5D80-82B7-4BE0-911D-D29C813B05EE}.Debug|Any CPU.ActiveCfg = Debug|Any CPU
		{5E9D5D80-82B7-4BE0-911D-D29C813B05EE}.Debug|Any CPU.Build.0 = Debug|Any CPU
		{5E9D5D80-82B7-4BE0-911D-D29C813B05EE}.Release|Any CPU.ActiveCfg = Release|Any CPU
		{5E9D5D80-82B7-4BE0-911D-D29C813B05EE}.Release|Any CPU.Build.0 = Release|Any CPU
	EndGlobalSection
	GlobalSection(SolutionProperties) = preSolution
		HideSolutionNode = FALSE
	EndGlobalSection
	GlobalSection(ExtensibilityGlobals) = postSolution
		SolutionGuid = {75D6684F-6398-40FD-BCB9-245EF75C4432}
	EndGlobalSection
EndGlobal
